{
  "name": "point-and-click-empty",
  "version": "0.1.0",
  "lockfileVersion": 3,
  "requires": true,
  "packages": {
    "": {
      "name": "point-and-click-empty",
      "version": "0.1.0",
      "dependencies": {
        "phaser": "^4.2.1"
      },
      "devDependencies": {
        "@types/node": "^26.1.2",
        "typescript": "^7.0.2",
        "vite": "^8.2.0"
      }
    },
    "node_modules/@emnapi/core": {
      "version": "2.0.0-alpha.3",
      "resolved": "https://registry.npmjs.org/@emnapi/core/-/core-2.0.0-alpha.3.tgz",
      "integrity": "sha512-AZypUeJ/yByuxyS7BlSNRDOMLMlROYtjYdIAuBmJssVz1UJDSeYxLrdizhXCFYhedC5bqd/ASy8EuNXbVVXp9g==",
      "dev": true,
      "license": "MIT",
      "optional": true,
      "dependencies": {
        "@emnapi/wasi-threads": "2.0.1",
        "tslib": "^2.4.0"
      }
    },
    "node_modules/@emnapi/runtime": {
      "version": "2.0.0-alpha.3",
      "resolved": "https://registry.npmjs.org/@emnapi/runtime/-/runtime-2.0.0-alpha.3.tgz",
      "integrity": "sha512-hFPAhMUjJD9BSyCANEISPOogeXC9Zo9ZQl7L6vKnaVsMkCtzznaW/naYypeyl0Gv5rYfWYsZbpixTMpjDJzQeA==",
      "dev": true,
      "license": "MIT",
      "optional": true,
      "dependencies": {
        "tslib": "^2.4.0"
      }
    },
    "node_modules/@emnapi/wasi-threads": {
      "version": "2.0.1",
      "resolved": "https://registry.npmjs.org/@emnapi/wasi-threads/-/wasi-threads-2.0.1.tgz",
      "integrity": "sha512-9DsSk+o5NBX0CCJT8s0EROGSGxjR/tKu6aBTaVyq+SjAEQH4XcdcRxPBRzsBLizTTJ49MJjF+jgu3qnO9GLQcQ==",
      "dev": true,
      "license": "MIT",
      "optional": true,
      "dependencies": {
        "tslib": "^2.4.0"
      }
    },
    "node_modules/@napi-rs/wasm-runtime": {
      "version": "1.2.2",
      "resolved": "https://registry.npmjs.org/@napi-rs/wasm-runtime/-/wasm-runtime-1.2.2.tgz",
      "integrity": "sha512-JfB4kuJQjaoHuCTseIINHtHWeJnvgEcxjwA5t/Y00ZgaOO1Crz3fjT/p8kT28zA/Caz7oiUMn3d6H2yOVCVwuw==",
      "dev": true,
      "license": "MIT",
      "optional": true,
      "dependencies": {
        "@tybys/wasm-util": "^0.10.3"
      },
      "engines": {
        "node": "^20.19.0 || ^22.13.0 || >=23.5.0"
      },
      "funding": {
        "type": "github",
        "url": "https://github.com/sponsors/Brooooooklyn"
      },
      "peerDependencies": {
        "@emnapi/core": "^1.7.1 || ^2.0.0-alpha.3",
        "@emnapi/runtime": "^1.7.1 || ^2.0.0-alpha.3"
      }
    },
    "node_modules/@oxc-project/types": {
      "version": "0.142.0",
      "resolved": "https://registry.npmjs.org/@oxc-project/types/-/types-0.142.0.tgz",
      "integrity": "sha512-7W+2q5AKQVU36fkaryontrHn3YDt1RyUYXatw9i5H8ocYe2sPKSFB6eS8WNPeRKiN1qAWWZUPm7gwFzJGrccqQ==",
      "dev": true,
      "license": "MIT",
      "funding": {
        "url": "https://github.com/sponsors/Boshen"
      }
    },
    "node_modules/@rolldown/binding-android-arm64": {
      "version": "1.2.1",
      "resolved": "https://registry.npmjs.org/@rolldown/binding-android-arm64/-/binding-android-arm64-1.2.1.tgz",
      "integrity": "sha512-02hOeOSryYxVrOIphmLAsqnCJWxwlzFk+pEt/N/i6OgT3lShHO7xGCU5cpgchRDHboAEbSjzgGh+O/u1GswQmA==",
      "cpu": [
        "arm64"
      ],
      "dev": true,
      "license": "MIT",
      "optional": true,
      "os": [
        "android"
      ],
      "engines": {
        "node": "^20.19.0 || >=22.12.0"
      }
    },
    "node_modules/@rolldown/binding-darwin-arm64": {
      "version": "1.2.1",
      "resolved": "https://registry.npmjs.org/@rolldown/binding-darwin-arm64/-/binding-darwin-arm64-1.2.1.tgz",
      "integrity": "sha512-fMsTOnN0OjFm3CyppWPitKnc8UlliVARUULW6cfU6AIqjdtgmSFWSk9vecHzZduv/yMWIHDlRhM1e8Iff9uAfA==",
      "cpu": [
        "arm64"
      ],
      "dev": true,
      "license": "MIT",
      "optional": true,
      "os": [
        "darwin"
      ],
      "engines": {
        "node": "^20.19.0 || >=22.12.0"
      }
    },
    "node_modules/@rolldown/binding-darwin-x64": {
      "version": "1.2.1",
      "resolved": "https://registry.npmjs.org/@rolldown/binding-darwin-x64/-/binding-darwin-x64-1.2.1.tgz",
      "integrity": "sha512-1wjKdz/XLGKHaTNHjQveQ/B23TKx4ItAqm1JbyVuvNPc4Ze0Fb48s49TAd/2zcplPl8okE/UbTgmlVfwT7eFeQ==",
      "cpu": [
        "x64"
      ],
      "dev": true,
      "license": "MIT",
      "optional": true,
      "os": [
        "darwin"
      ],
      "engines": {
        "node": "^20.19.0 || >=22.12.0"
      }
    },
    "node_modules/@rolldown/binding-freebsd-x64": {
      "version": "1.2.1",
      "resolved": "https://registry.npmjs.org/@rolldown/binding-freebsd-x64/-/binding-freebsd-x64-1.2.1.tgz",
      "integrity": "sha512-Fa0jHR07E7YBN4vOEsbVf2briYNsuOowfLJaXULZM0ldMlaCaj2LJgLMbMe4iacRyZmvR8efFhgR9wKuGclQUg==",
      "cpu": [
        "x64"
      ],
      "dev": true,
      "license": "MIT",
      "optional": true,
      "os": [
        "freebsd"
      ],
      "engines": {
        "node": "^20.19.0 || >=22.12.0"
      }
    },
    "node_modules/@rolldown/binding-linux-arm-gnueabihf": {
      "version": "1.2.1",
      "resolved": "https://registry.npmjs.org/@rolldown/binding-linux-arm-gnueabihf/-/binding-linux-arm-gnueabihf-1.2.1.tgz",
      "integrity": "sha512-pzkgu1SSHGgRRyRZ4fbmSgmajbVt+epaLP99NDjFft69v/ypfTi6swBMiVdh2EkQ0OSnHE1lZDM7DRGkyAzUpA==",
      "cpu": [
        "arm"
      ],
      "dev": true,
      "license": "MIT",
      "optional": true,
      "os": [
        "linux"
      ],
      "engines": {
        "node": "^20.19.0 || >=22.12.0"
      }
    },
    "node_modules/@rolldown/binding-linux-arm64-gnu": {
      "version": "1.2.1",
      "resolved": "https://registry.npmjs.org/@rolldown/binding-linux-arm64-gnu/-/binding-linux-arm64-gnu-1.2.1.tgz",
      "integrity": "sha512-QI5SEDY8cbiYWHx0VO4vIc3UlS6a32vXHjU8Qy/17adEmZIPuByJg13UEvo9c/UCiUkdcVWY83C+b+JrwnNyUg==",
      "cpu": [
        "arm64"
      ],
      "dev": true,
      "libc": [
        "glibc"
      ],
      "license": "MIT",
      "optional": true,
      "os": [
        "linux"
      ],
      "engines": {
        "node": "^20.19.0 || >=22.12.0"
      }
    },
    "node_modules/@rolldown/binding-linux-arm64-musl": {
      "version": "1.2.1",
      "resolved": "https://registry.npmjs.org/@rolldown/binding-linux-arm64-musl/-/binding-linux-arm64-musl-1.2.1.tgz",
      "integrity": "sha512-Sm41FyCeXqmYcERoYOCbGIL5hNfd8w9LQ7Y61Bev48HkcjaJqV/iiVOaiDxjVTRMS+QKrZmD8cfPt4uMVnvM+A==",
      "cpu": [
        "arm64"
      ],
      "dev": true,
      "libc": [
        "musl"
      ],
      "license": "MIT",
      "optional": true,
      "os": [
        "linux"
      ],
      "engines": {
        "node": "^20.19.0 || >=22.12.0"
      }
    },
    "node_modules/@rolldown/binding-linux-ppc64-gnu": {
      "version": "1.2.1",
      "resolved": "https://registry.npmjs.org/@rolldown/binding-linux-ppc64-gnu/-/binding-linux-ppc64-gnu-1.2.1.tgz",
      "integrity": "sha512-2x+WhXTGl9yJYPbltW/BSEPTVz9OIWQyER4N+gJEDWkkn904eRcBzELqh/Hf7K0w/ubGbKNMv0ZC+94QK/IFEg==",
      "cpu": [
        "ppc64"
      ],
      "dev": true,
      "libc": [
        "glibc"
      ],
      "license": "MIT",
      "optional": true,
      "os": [
        "linux"
      ],
      "engines": {
        "node": "^20.19.0 || >=22.12.0"
      }
    },
    "node_modules/@rolldown/binding-linux-s390x-gnu": {
      "version": "1.2.1",
      "resolved": "https://registry.npmjs.org/@rolldown/binding-linux-s390x-gnu/-/binding-linux-s390x-gnu-1.2.1.tgz",
      "integrity": "sha512-eEjmQpuRQayHPWWnywaWHkFT3ToPbP3RYy42VVd/B9aBGDA+Ol25EIWHxKQST3IiWJjikCWUF7KtbfqwZrzVwQ==",
      "cpu": [
        "s390x"
      ],
      "dev": true,
      "libc": [
        "glibc"
      ],
      "license": "MIT",
      "optional": true,
      "os": [
        "linux"
      ],
      "engines": {
        "node": "^20.19.0 || >=22.12.0"
      }
    },
    "node_modules/@rolldown/binding-linux-x64-gnu": {
      "version": "1.2.1",
      "resolved": "https://registry.npmjs.org/@rolldown/binding-linux-x64-gnu/-/binding-linux-x64-gnu-1.2.1.tgz",
      "integrity": "sha512-/Orga1fZYkLc/56jBICcHrKchl8Z2UKdDSr3LG9ToWO1lQ6a4Livk9Xz+9WN91zsz5QR3XQz2NNoSDEvP6qadw==",
      "cpu": [
        "x64"
      ],
      "dev": true,
      "libc": [
        "glibc"
      ],
      "license": "MIT",
      "optional": true,
      "os": [
        "linux"
      ],
      "engines": {
        "node": "^20.19.0 || >=22.12.0"
      }
    },
    "node_modules/@rolldown/binding-linux-x64-musl": {
      "version": "1.2.1",
      "resolved": "https://registry.npmjs.org/@rolldown/binding-linux-x64-musl/-/binding-linux-x64-musl-1.2.1.tgz",
      "integrity": "sha512-xxBJRL+0q0Kce7orznGWLuylHDY65vuARXZRpX+hPdv+DqK2c3NlCsVA98tlWzWNEE7yPqA/1NQ5nnCrj49Y5A==",
      "cpu": [
        "x64"
      ],
      "dev": true,
      "libc": [
        "musl"
      ],
      "license": "MIT",
      "optional": true,
      "os": [
        "linux"
      ],
      "engines": {
        "node": "^20.19.0 || >=22.12.0"
      }
    },
    "node_modules/@rolldown/binding-openharmony-arm64": {
      "version": "1.2.1",
      "resolved": "https://registry.npmjs.org/@rolldown/binding-openharmony-arm64/-/binding-openharmony-arm64-1.2.1.tgz",
      "integrity": "sha512-M6AdXIXw3s+/8XpKMzdGDEXGS1S7kwUsy+rcTIUIOx5Ge4nXKCtAFHFV9YKkXvGcC5WMoTjAteLzlsQROVI0Yw==",
      "cpu": [
        "arm64"
      ],
      "dev": true,
      "license": "MIT",
      "optional": true,
      "os": [
        "openharmony"
      ],
      "engines": {
        "node": "^20.19.0 || >=22.12.0"
      }
    },
    "node_modules/@rolldown/binding-wasm32-wasi": {
      "version": "1.2.1",
      "resolved": "https://registry.npmjs.org/@rolldown/binding-wasm32-wasi/-/binding-wasm32-wasi-1.2.1.tgz",
      "integrity": "sha512-/TX0SoRGojHzSAHpfVBbavRVSazg5U3h3Y3VXfcc0cdugq6kxdqw8LPGFiPr+/7gE/60zRcsOY2Vi9b9eT0jww==",
      "dev": true,
      "license": "MIT",
      "optional": true,
      "dependencies": {
        "@emnapi/core": "2.0.0-alpha.3",
        "@emnapi/runtime": "2.0.0-alpha.3",
        "@napi-rs/wasm-runtime": "^1.2.0"
      },
      "engines": {
        "node": "^20.19.0 || ^22.13.0 || >=23.5.0"
      }
    },
    "node_modules/@rolldown/binding-win32-arm64-msvc": {
      "version": "1.2.1",
      "resolved": "https://registry.npmjs.org/@rolldown/binding-win32-arm64-msvc/-/binding-win32-arm64-msvc-1.2.1.tgz",
      "integrity": "sha512-EvRrivJieyHG+AO9lleZWgq+g0+S7oV2C51yuqlcyU/R9net+sI4Pj0F+lUoP2bEr6TWX3SqFaaS0SzfLxSzkw==",
      "cpu": [
        "arm64"
      ],
      "dev": true,
      "license": "MIT",
      "optional": true,
      "os": [
        "win32"
      ],
      "engines": {
        "node": "^20.19.0 || >=22.12.0"
      }
    },
    "node_modules/@rolldown/binding-win32-x64-msvc": {
      "version": "1.2.1",
      "resolved": "https://registry.npmjs.org/@rolldown/binding-win32-x64-msvc/-/binding-win32-x64-msvc-1.2.1.tgz",
      "integrity": "sha512-Z4eCmn5QJ/5+azF9knpLWKfVd9aidn0mAe9TpJgvBLId9Ax3t0+JVxBmT25Bv7NBbVW1TZyKjQjQReouMeH5UQ==",
      "cpu": [
        "x64"
      ],
      "dev": true,
      "license": "MIT",
      "optional": true,
      "os": [
        "win32"
      ],
      "engines": {
        "node": "^20.19.0 || >=22.12.0"
      }
    },
    "node_modules/@rolldown/pluginutils": {
      "version": "1.0.1",
      "resolved": "https://registry.npmjs.org/@rolldown/pluginutils/-/pluginutils-1.0.1.tgz",
      "integrity": "sha512-2j9bGt5Jh8hj+vPtgzPtl72j0yRxHAyumoo6TNfAjsLB04UtpSvPbPcDcBMxz7n+9CYB0c1GxQFxYRg2jimqGw==",
      "dev": true,
      "license": "MIT"
    },
    "node_modules/@tybys/wasm-util": {
      "version": "0.10.3",
      "resolved": "https://registry.npmjs.org/@tybys/wasm-util/-/wasm-util-0.10.3.tgz",
      "integrity": "sha512-F3fo1MYrRJYL3zER0OUOmkutjr1Vp23m7OsSgp7nq4SP6OqX6C/56XFIPAl5bt3zaBRjmW7SGz3u/6LwFpYcOg==",
      "dev": true,
      "license": "MIT",
      "optional": true,
      "dependencies": {
        "tslib": "^2.4.0"
      }
    },
    "node_modules/@types/node": {
      "version": "26.1.2",
      "resolved": "https://registry.npmjs.org/@types/node/-/node-26.1.2.tgz",
      "integrity": "sha512-Vu4a5UFA9rIIFJ7rB/Vaafh9lrCQszopTCx6KjFboXTGQbPNasehVR5TEiithSDGyd1DEiUByggTZsg8jukeIg==",
      "dev": true,
      "license": "MIT",
      "dependencies": {
        "undici-types": "~8.3.0"
      }
    },
    "node_modules/@typescript/typescript-aix-ppc64": {
      "version": "7.0.2",
      "resolved": "https://registry.npmjs.org/@typescript/typescript-aix-ppc64/-/typescript-aix-ppc64-7.0.2.tgz",
      "integrity": "sha512-MTKKkWB7p/0E9xi1d1tHtZ5PiLkGEMIq88pK2CubZjOsLtYTLqhgIgi6zepFa+9GHZ6h05NMCkQxGKiPXMxXtQ==",
      "cpu": [
        "ppc64"
      ],
      "dev": true,
      "license": "Apache-2.0",
      "optional": true,
      "os": [
        "aix"
      ],
      "engines": {
        "node": ">=16.20.0"
      }
    },
    "node_modules/@typescript/typescript-darwin-arm64": {
      "version": "7.0.2",
      "resolved": "https://registry.npmjs.org/@typescript/typescript-darwin-arm64/-/typescript-darwin-arm64-7.0.2.tgz",
      "integrity": "sha512-gowzar9MwS/aRWp6f3a4KUqzRjAZjOsmGNCM6LcTgXum+dBfgsBVMN+AgvOCCbguXyick6LJhpBszxMebJ8syA==",
      "cpu": [
        "arm64"
      ],
      "dev": true,
      "license": "Apache-2.0",
      "optional": true,
      "os": [
        "darwin"
      ],
      "engines": {
        "node": ">=16.20.0"
      }
    },
    "node_modules/@typescript/typescript-darwin-x64": {
      "version": "7.0.2",
      "resolved": "https://registry.npmjs.org/@typescript/typescript-darwin-x64/-/typescript-darwin-x64-7.0.2.tgz",
      "integrity": "sha512-SZ9xZInqApNlNGc9s0W1VSsktYSOe9cFqNOIqmN1Gs8SmkjKZYFt017G4VwPxASInODuAdbTW7sXiFUf893RgA==",
      "cpu": [
        "x64"
      ],
      "dev": true,
      "license": "Apache-2.0",
      "optional": true,
      "os": [
        "darwin"
      ],
      "engines": {
        "node": ">=16.20.0"
      }
    },
    "node_modules/@typescript/typescript-freebsd-arm64": {
      "version": "7.0.2",
      "resolved": "https://registry.npmjs.org/@typescript/typescript-freebsd-arm64/-/typescript-freebsd-arm64-7.0.2.tgz",
      "integrity": "sha512-W5NH4y/J0plIIS5b2xvTEkU7JFxyqdMAOgf+Ilhl0vHQXKO5dZoxd+C/jEtq56c4F3wk71RB4BMRQ2XdI+bwYQ==",
      "cpu": [
        "arm64"
      ],
      "dev": true,
      "license": "Apache-2.0",
      "optional": true,
      "os": [
        "freebsd"
      ],
      "engines": {
        "node": ">=16.20.0"
      }
    },
    "node_modules/@typescript/typescript-freebsd-x64": {
      "version": "7.0.2",
      "resolved": "https://regisãy¶‰žËkºwµçh€€€€€€‰ÁÔˆèl4(€€€€€€€€‰àØÐˆ4(€€€€€t°4(€€€€€€‰‘•ØˆèÑÉÕ”°4(€€€€€€‰±¥•¹Í”ˆè€‰5A0´È¸Àˆ°4(€€€€€€‰½ÁÑ¥½¹…°ˆèÑÉÕ”°4(€€€€€€‰½Ìˆèl4(€€€€€€€€‰‘…ÉÝ¥¸ˆ4(€€€€€t°4(€€€€€€‰•¹¥¹•Ìˆèì4(€€€€€€€€‰¹½‘”ˆè€ˆøô€ÄÈ¸À¸Àˆ4(€€€€€ô°4(€€€€€€‰™Õ¹‘¥¹œˆèì4(€€€€€€€€‰ÑåÁ”ˆè€‰½Á•¹½±±•Ñ¥Ù”ˆ°4(€€€€€€€€‰ÕÉ°ˆè€‰¡ÑÑÁÌè¼½½Á•¹½±±•Ñ¥Ù”¹½´½Á…É•°ˆ4(€€€€€ô4(€€€ô°4(€€€€‰¹½‘•}µ½‘Õ±•Ì½±¥¡Ñ¹¥¹ÍÌµ™É••‰ÍµàØÐˆèì4(€€€€€€‰Ù•ÉÍ¥½¸ˆè€ˆÄ¸ÌÌ¸Àˆ°4(€€€€€€‰É•Í½±Ù•ˆè€‰¡ÑÑÁÌè¼½É•¥ÍÑÉä¹¹Áµ©Ì¹½Éœ½±¥¡Ñ¹¥¹ÍÌµ™É••‰ÍµàØÐ¼´½±¥¡Ñ¹¥¹ÍÌµ™É••‰ÍµàØÐ´Ä¸ÌÌ¸À¹Ñèˆ°4(€€€€€€‰¥¹Ñ•É¥Ñäˆè€‰Í¡„ÔÄÈµEE4½Q¤½¡E…©)Ýd­I¥]ÕhåÍ‘Ñ$½aE¬Ý¹,ÕÙá­­‘Ý¥á•é=±ÙàÜ­IP­E©,ÙPÑ5ÁÍÕ½	¹!%¼½<ÍMÑIIœôôˆ°4(€€€€€€‰ÁÔˆèl4(€€€€€€€€‰àØÐˆ4(€€€€€t°4(€€€€€€‰‘•ØˆèÑÉÕ”°4(€€€€€€‰±¥•¹Í”ˆè€‰5A0´È¸Àˆ°4(€€€€€€‰½ÁÑ¥½¹…°ˆèÑÉÕ”°4(€€€€€€‰½Ìˆèl4(€€€€€€€€‰™É••‰Íˆ4(€€€€€t°4(€€€€€€‰•¹¥¹•Ìˆèì4(€€€€€€€€‰¹½‘”ˆè€ˆøô€ÄÈ¸À¸Àˆ4(€€€€€ô°4(€€€€€€‰™Õ¹‘¥¹œˆèì4(€€€€€€€€‰ÑåÁ”ˆè€‰½Á•¹½±±•Ñ¥Ù”ˆ°4(€€€€€€€€‰ÕÉ°ˆè€‰¡ÑÑÁÌè¼½½Á•¹½±±•Ñ¥Ù”¹½´½Á…É•°ˆ4(€€€€€ô4(€€€ô°4(€€€€‰¹½‘•}µ½‘Õ±•Ì½±¥¡Ñ¹¥¹ÍÌµ±¥¹Õàµ…É´µ¹Õ•…‰¥¡˜ˆèì4(€€€€€€‰Ù•ÉÍ¥½¸ˆè€ˆÄ¸ÌÌ¸Àˆ°4(€€€€€€‰É•Í½±Ù•ˆè€‰¡ÑÑÁÌè¼½É•¥ÍÑÉä¹¹Áµ©Ì¹½Éœ½±¥¡Ñ¹¥¹ÍÌµ±¥¹Õàµ…É´µ¹Õ•…‰¥¡˜¼´½±¥¡Ñ¹¥¹ÍÌµ±¥¹Õàµ…É´µ¹Õ•…‰¥¡˜´Ä¸ÌÌ¸À¹Ñèˆ°4(€€€€€€‰¥¹Ñ•É¥Ñäˆè€‰Í¡„ÔÄÈµ8ÝY	”Ù¥LÈÑ5±4ÙH¼ÑI	Qá¡E¡•iÌÝÑ¥DåTÌÉUÑÜÕ9é@ÕDÝá]AIÅ1	-á±IEI¬ÍÉdÅ©%A1éàÝ]é=¡ÕU%I1Dôôˆ°4(€€€€€€‰ÁÔˆèl4(€€€€€€€€‰…É´ˆ4(€€€€€t°4(€€€€€€‰‘•ØˆèÑÉÕ”°4(€€€€€€‰±¥•¹Í”ˆè€‰5A0´È¸Àˆ°4(€€€€€€‰½ÁÑ¥½¹…°ˆèÑÉÕ”°4(€€€€€€‰½Ìˆèl4(€€€€€€€€‰±¥¹Õàˆ4(€€€€€t°4(€€€€€€‰•¹¥¹•Ìˆèì4(€€€€€€€€‰¹½‘”ˆè€ˆøô€ÄÈ¸À¸Àˆ4(€€€€€ô°4(€€€€€€‰™Õ¹‘¥¹œˆèì4(€€€€€€€€‰ÑåÁ”ˆè€‰½Á•¹½±±•Ñ¥Ù”ˆ°4(€€€€€€€€‰ÕÉ°ˆè€‰¡ÑÑÁÌè¼½½Á•¹½±±•Ñ¥Ù”¹½´½Á…É•°ˆ4(€€€€€ô4(€€€ô°4(€€€€‰¹½‘•}µ½‘Õ±•Ì½±¥¡Ñ¹¥¹ÍÌµ±¥¹Õàµ…É´ØÐµ¹Ôˆèì4(€€€€€€‰Ù•ÉÍ¥½¸ˆè€ˆÄ¸ÌÌ¸Àˆ°4(€€€€€€‰É•Í½±Ù•ˆè€‰¡ÑÑÁÌè¼½É•¥ÍÑÉä¹¹Áµ©Ì¹½Éœ½±¥¡Ñ¹¥¹ÍÌµ±¥¹Õàµ…É´ØÐµ¹Ô¼´½±¥¡Ñ¹¥¹ÍÌµ±¥¹Õàµ…É´ØÐµ¹Ô´Ä¸ÌÌ¸À¹Ñèˆ°4(€€€€€€‰¥¹Ñ•É¥Ñäˆè€‰Í¡„ÔÄÈµ¨ÉØ½¥ÑµäÑ!±9á±ŒÙÙ½-ae	Å9¤Á9œÉ1M¡œÑèÝÕ™ÁÌÀÕ@¬ÉÍÕ	Yå¤å$Ùe!ÄÕÕ½YàåQ¥¸Í•¡1YåaE¹-œôôˆ°4(€€€€€€‰ÁÔˆèl4(€€€€€€€€‰…É´ØÐˆ4(€€€€€t°4(€€€€€€‰‘•ØˆèÑÉÕ”°4(€€€€€€‰±¥‰Œˆèl4(€€€€€€€€‰±¥‰Œˆ4(€€€€€t°4(€€€€€€‰±¥•¹Í”ˆè€‰5A0´È¸Àˆ°4(€€€€€€‰½ÁÑ¥½¹…°ˆèÑÉÕ”°4(€€€€€€‰½Ìˆèl4(€€€€€€€€‰±¥¹Õàˆ4(€€€€€t°4(€€€€€€‰•¹¥¹•Ìˆèì4(€€€€€€€€‰¹½‘”ˆè€ˆøô€ÄÈ¸À¸Àˆ4(€€€€€ô°4(€€€€€€‰™Õ¹‘¥¹œˆèì4(€€€€€€€€‰ÑåÁ”ˆè€‰½Á•¹½±±•Ñ¥Ù”ˆ°4(€€€€€€€€‰ÕÉ°ˆè€‰¡ÑÑÁÌè¼½½Á•¹½±±•Ñ¥Ù”¹½´½Á…É•°ˆ4(€€€€€ô4(€€€ô°4(€€€€‰¹½‘•}µ½‘Õ±•Ì½±¥¡Ñ¹¥¹ÍÌµ±¥¹Õàµ…É´ØÐµµÕÍ°ˆèì4(€€€€€€‰Ù•ÉÍ¥½¸ˆè€ˆÄ¸ÌÌ¸Àˆ°4(€€€€€€‰É•Í½±Ù•ˆè€‰¡ÑÑÁÌè¼½É•¥ÍÑÉä¹¹Áµ©Ì¹½Éœ½±¥¡Ñ¹¥¹ÍÌµ±¥¹Õàµ…É´ØÐµµÕÍ°¼´½±¥¡Ñ¹¥¹ÍÌµ±¥¹Õàµ…É´ØÐµµÕÍ°´Ä¸ÌÌ¸À¹Ñèˆ°4(€€€€€€‰¥¹Ñ•É¥Ñäˆè€‰Í¡„ÔÄÈµå¥<ÕI=5ÕeEa‰ØÁå©iTÕeMi-a0Á!QaÐåµ!)¸Ä­é\ÔÕ½Ñ5$å9™Y¡e150ÝXÝ½	A½¸½µ55œÉ=ÙÑDôôˆ°4(€€€€€€‰ÁÔˆèl4(€€€€€€€€‰…É´ØÐˆ4(€€€€€t°4(€€€€€€‰‘•ØˆèÑÉÕ”°4(€€€€€€‰±¥‰Œˆèl4(€€€€€€€€‰µÕÍ°ˆ4(€€€€€t°4(€€€€€€‰±¥•¹Í”ˆè€‰5A0´È¸Àˆ°4(€€€€€€‰½ÁÑ¥½¹…°ˆèÑÉÕ”°4(€€€€€€‰½Ìˆèl4(€€€€€€€€‰±¥¹Õàˆ4(€€€€€t°4(€€€€€€‰•¹¥¹•Ìˆèì4(€€€€€€€€‰¹½‘”ˆè€ˆøô€ÄÈ¸À¸Àˆ4(€€€€€ô°4(€€€€€€‰™Õ¹‘¥¹œˆèì4(€€€€€€€€‰ÑåÁ”ˆè€‰½Á•¹½±±•Ñ¥Ù”ˆ°4(€€€€€€€€‰ÕÉ°ˆè€‰¡ÑÑÁÌè¼½½Á•¹½±±•Ñ¥Ù”¹½´½Á…É•°ˆ4(€€€€€ô4(€€€ô°4(€€€€‰¹½‘•}µ½‘Õ±•Ì½±¥¡Ñ¹¥¹ÍÌµ±¥¹ÕàµàØÐµ¹Ôˆèì4(€€€€€€‰Ù•ÉÍ¥½¸ˆè€ˆÄ¸ÌÌ¸Àˆ°4(€€€€€€‰É•Í½±Ù•ˆè€‰¡ÑÑÁÌè¼½É•¥ÍÑÉä¹¹Áµ©Ì¹½Éœ½±¥¡Ñ¹¥¹ÍÌµ±¥¹ÕàµàØÐµ¹Ô¼´½±¥¡Ñ¹¥¹ÍÌµ±¥¹ÕàµàØÐµ¹Ô´Ä¸ÌÌ¸À¹Ñèˆ°4(€€€€€€‰¥¹Ñ•É¥Ñäˆè€‰Í¡„ÔÄÈµ…È­)ÔÝ1µ8Á)¼ÑÁ0Ñ¡Áå‰Ý9ä¼Í½	ÈÕ-\É¸É©å=œÍ5ia…e‘•µ½9L­	9™5-Ùå±)1¨ÑLÕÑåIÑÕœôôˆ°4(€€€€€€‰ÁÔˆèl4(€€€€€€€€‰àØÐˆ4(€€€€€t°4(€€€€€€‰‘•ØˆèÑÉÕ”°4(€€€€€€‰±¥‰Œˆèl4(€€€€€€€€‰±¥‰Œˆ4(€€€€€t°4(€€€€€€‰±¥•¹Í”ˆè€‰5A0´È¸Àˆ°4(€€€€€€‰½ÁÑ¥½¹…°ˆèÑÉÕ”°4(€€€€€€‰½Ìˆèl4(€€€€€€€€‰±¥¹Õàˆ4(€€€€€t°4(€€€€€€‰•¹¥¹•Ìˆèì4(€€€€€€€€‰¹½‘”ˆè€ˆøô€ÄÈ¸À¸Àˆ4(€€€€€ô°4(€€€€€€‰™Õ¹‘¥¹œˆèì4(€€€€€€€€‰ÑåÁ”ˆè€‰½Á•¹½±±•Ñ¥Ù”ˆ°4(€€€€€€€€‰ÕÉ°ˆè€‰¡ÑÑÁÌè¼½½Á•¹½±±•Ñ¥Ù”¹½´½Á…É•°ˆ4(€€€€€ô4(€€€ô°4(€€€€‰¹½‘•}µ½‘Õ±•Ì½±¥¡Ñ¹¥¹ÍÌµ±¥¹ÕàµàØÐµµÕÍ°ˆèì4(€€€€€€‰Ù•ÉÍ¥½¸ˆè€ˆÄ¸ÌÌ¸Àˆ°4(€€€€€€‰É•Í½±Ù•ˆè€‰¡ÑÑÁÌè¼½É•¥ÍÑÉä¹¹Áµ©Ì¹½Éœ½±¥¡Ñ¹¥¹ÍÌµ±¥¹ÕàµàØÐµµÕÍ°¼´½±¥¡Ñ¹¥¹ÍÌµ±¥¹ÕàµàØÐµµÕÍ°´Ä¸ÌÌ¸À¹Ñèˆ°4(€€€€€€‰¥¹Ñ•É¥Ñäˆè€‰Í¡„ÔÄÈµIe¥e‰­½­ÜÁÑÉ™-ÅÅé™ÔÕ±¥¹ÝAÉÍ=)™QÕ)éÌÅ5,Ù¥¹•¹…èÅ™Å11Ñ`Ñ%QÍ=­Ñ)Ea=•Q…ÜÅ…ÝÉ	±iAÜôôˆ°4(€€€€€€‰ÁÔˆèl4(€€€€€€€€‰àØÐˆ4(€€€€€t°4(€€€€€€‰‘•ØˆèÑÉÕ”°4(€€€€€€‰±¥‰Œˆèl4(€€€€€€€€‰µÕÍ°ˆ4(€€€€€t°4(€€€€€€‰±¥•¹Í”ˆè€‰5A0´È¸Àˆ°4(€€€€€€‰½ÁÑ¥½¹…°ˆèÑÉÕ”°4(€€€€€€‰½Ìˆèl4(€€€€€€€€‰±¥¹Õàˆ4(€€€€€t°4(€€€€€€‰•¹¥¹•Ìˆèì4(€€€€€€€€‰¹½‘”ˆè€ˆøô€ÄÈ¸À¸Àˆ4(€€€€€ô°4(€€€€€€‰™Õ¹‘¥¹œˆèì4(€€€€€€€€‰ÑåÁ”ˆè€‰½Á•¹½±±•Ñ¥Ù”ˆ°4(€€€€€€€€‰ÕÉ°ˆè€‰¡ÑÑÁÌè¼½½Á•¹½±±•Ñ¥Ù”¹½´½Á…É•°ˆ4(€€€€€ô4(€€€ô°4(€€€€‰¹½‘•}µ½‘Õ±•Ì½±¥¡Ñ¹¥¹ÍÌµÝ¥¸ÌÈµ…É´ØÐµµÍÙŒˆèì4(€€€€€€‰Ù•ÉÍ¥½¸ˆè€ˆÄ¸ÌÌ¸Àˆ°4(€€€€€€‰É•Í½±Ù•ˆè€‰¡ÑÑÁÌè¼½É•¥ÍÑÉä¹¹Áµ©Ì¹½Éœ½±¥¡Ñ¹¥¹ÍÌµÝ¥¸ÌÈµ…É´ØÐµµÍÙŒ¼´½±¥¡Ñ¹¥¹ÍÌµÝ¥¸ÌÈµ…É´ØÐµµÍÙŒ´Ä¸ÌÌ¸À¹Ñèˆ°4(€€€€€€‰¥¹Ñ•É¥Ñäˆè€‰Í¡„ÔÄÈ´Å,­5A™1MYÁÁ¡éÁ‘‰™­¡±]¬ÙÝ	ÉQ=‰	éLÉPÙ‘ˆÄÁA9=iHå½YÍ]éÝ9åÕ¡Uee‰QÀÈÍ¨¬ÑIÉ¹™Õ©hÑÕéaÙÝôôˆ°4(€€€€€€‰ÁÔˆèl4(€€€€€€€€‰…É´ØÐˆ4(€€€€€t°4(€€€€€€‰‘•ØˆèÑÉÕ”°4(€€€€€€‰±¥•¹Í”ˆè€‰5A0´È¸Àˆ°4(€€€€€€‰½ÁÑ¥½¹…°ˆèÑÉÕ”°4(€€€€€€‰½Ìˆèl4(€€€€€€€€‰Ý¥¸ÌÈˆ4(€€€€€t°4(€€€€€€‰•¹¥¹•Ìˆèì4(€€€€€€€€‰¹½‘”ˆè€ˆøô€ÄÈ¸À¸Àˆ4(€€€€€ô°4(€€€€€€‰™Õ¹‘¥¹œˆèì4(€€€€€€€€‰ÑåÁ”ˆè€‰½Á•¹½±±•Ñ¥Ù”ˆ°4(€€€€€€€€‰ÕÉ°ˆè€‰¡ÑÑÁÌè¼½½Á•¹½±±•Ñ¥Ù”¹½´½Á…É•°ˆ4(€€€€€ô4(€€€ô°4(€€€€‰¹½‘•}µ½‘Õ±•Ì½±¥¡Ñ¹¥¹ÍÌµÝ¥¸ÌÈµàØÐµµÍÙŒˆèì4(€€€€€€‰Ù•ÉÍ¥½¸ˆè€ˆÄ¸ÌÌ¸Àˆ°4(€€€€€€‰É•Í½±Ù•ˆè€‰¡ÑÑÁÌè¼½É•¥ÍÑÉä¹¹Áµ©Ì¹½Éœ½±¥¡Ñ¹¥¹ÍÌµÝ¥¸ÌÈµàØÐµµÍÙŒ¼´½±¥¡Ñ¹¥¹ÍÌµÝ¥¸ÌÈµàØÐµµÍÙŒ´Ä¸ÌÌ¸À¹Ñèˆ°4(€€€€€€‰¥¹Ñ•É¥Ñäˆè€‰Í¡„ÔÄÈµ=±%à½a°ÁÅMÀÑ‰Éäáé¹ÙÁ¥œÍ°ÑÅÕÙeÝ!ÕÅ)-Ä­¸å9¹¥ÙÅ!µ5ØÅi­Å)ÉÅ--Må­Q`­•¡Õôôˆ°4(€€€€€€‰ÁÔˆèl4(€€€€€€€€‰àØÐˆ4(€€€€€t°4(€€€€€€‰‘•ØˆèÑÉÕ”°4(€€€€€€‰±¥•¹Í”ˆè€‰5A0´È¸Àˆ°4(€€€€€€‰½ÁÑ¥½¹…°ˆèÑÉÕ”°4(€€€€€€‰½Ìˆèl4(€€€€€€€€‰Ý¥¸ÌÈˆ4(€€€€€t°4(€€€€€€‰•¹¥¹•Ìˆèì4(€€€€€€€€‰¹½‘”ˆè€ˆøô€ÄÈ¸À¸Àˆ4(€€€€€ô°4(€€€€€€‰™Õ¹‘¥¹œˆèì4(€€€€€€€€‰ÑåÁ”ˆè€‰½Á•¹½±±•Ñ¥Ù”ˆ°4(€€€€€€€€‰ÕÉ°ˆè€‰¡ÑÑÁÌè¼½½Á•¹½±±•Ñ¥Ù”¹½´½Á…É•°ˆ4(€€€€€ô4(€€€ô°4(€€€€‰¹½‘•}µ½‘Õ±•Ì½¹…¹½¥ˆèì4(€€€€€€‰Ù•ÉÍ¥½¸ˆè€ˆÌ¸Ì¸ÄØˆ°4(€€€€€€‰É•Í½±Ù•ˆè€‰¡ÑÑÁÌè¼½É•¥ÍÑÉä¹¹Áµ©Ì¹½Éœ½¹…¹½¥¼´½¹…¹½¥´Ì¸Ì¸ÄØ¹Ñèˆ°4(€€€€€€‰¥¹Ñ•É¥Ñäˆè€‰Í¡„ÔÄÈµ‰é±-Qå9(Ü­1‘%%Ýäá¥©Á%ÅE%Ù…™…¡XÝ•eå­(áÙ ÐÉ‘)•=½(ÙU)aÁE)Ù•¨Å	‘‘ á=ÅQai9½-™‰]ÔáDôôˆ°4(€€€€€€‰‘•ØˆèÑÉÕ”°4(€€€€€€‰™Õ¹‘¥¹œˆèl4(€€€€€€€ì4(€€€€€€€€€€‰ÑåÁ”ˆè€‰¥Ñ¡Õˆˆ°4(€€€€€€€€€€‰ÕÉ°ˆè€‰¡ÑÑÁÌè¼½¥Ñ¡Õˆ¹½´½ÍÁ½¹Í½ÉÌ½…¤ˆ4(€€€€€€€ô4(€€€€€t°4(€€€€€€‰±¥•¹Í”ˆè€‰5%Pˆ°4(€€€€€€‰‰¥¸ˆèì4(€€€€€€€€‰¹…¹½¥ˆè€‰‰¥¸½¹…¹½¥¹©Ìˆ4(€€€€€ô°4(€€€€€€‰•¹¥¹•Ìˆèì4(€€€€€€€€‰¹½‘”ˆè€‰xÄÀñðxÄÈñðxÄÌ¸ÜñðxÄÐñð€øôÄÔ¸À¸Äˆ4(€€€€€ô4(€€€ô°4(€€€€‰¹½‘•}µ½‘Õ±•Ì½Á¡…Í•Èˆèì4(€€€€€€‰Ù•ÉÍ¥½¸ˆè€ˆÐ¸È¸Äˆ°4(€€€€€€‰É•Í½±Ù•ˆè€‰¡ÑÑÁÌè¼½É•¥ÍÑÉä¹¹Áµ©Ì¹½Éœ½Á¡…Í•È¼´½Á¡…Í•È´Ð¸È¸Ä¹Ñèˆ°4(€€€€€€‰¥¹Ñ•É¥Ñäˆè€‰Í¡„ÔÄÈµ]U9ÝA)Á‘©Ùi¥ÕPÙM™eY\áEÜ¼Í¨Á©(ÑÝÌÝ@ÉE­¡1ÔÜÑÍ‰Õå!)‰Õ•­d½e<ÑA¤ÐÝ‰9Ea¸Å=)•1`¼½Üôôˆ°4(€€€€€€‰±¥•¹Í”ˆè€‰5%Pˆ°4(€€€€€€‰‘•Á•¹‘•¹¥•Ìˆèì4(€€€€€€€€‰•Ù•¹Ñ•µ¥ÑÑ•ÈÌˆè€‰xÔ¸À¸Ðˆ4(€€€€€ô4(€€€ô°4(€€€€‰¹½‘•}µ½‘Õ±•Ì½Á¥½½±½ÉÌˆèì4(€€€€€€‰Ù•ÉÍ¥½¸ˆè€ˆÄ¸Ä¸Äˆ°4(€€€€€€‰É•Í½±Ù•ˆè€‰¡ÑÑÁÌè¼½É•¥ÍÑÉä¹¹Áµ©Ì¹½Éœ½Á¥½½±½ÉÌ¼´½Á¥½½±½ÉÌ´Ä¸Ä¸Ä¹Ñèˆ°4(€€€€€€‰¥¹Ñ•É¥Ñäˆè€‰Í¡„ÔÄÈµá• ÉÍ¹¡ÑˆÕ4å±¥ÅÍµÜÔÙ±”ÌÜÙµQi­`½©ˆ½Iá9å•9Õ°Ý•9Í±a@å¨½1ÔÁ`á-å5•@É¹ÑÁ…!ÉYôôˆ°4(€€€€€€‰‘•ØˆèÑÉÕ”°4(€€€€€€‰±¥•¹Í”ˆè€‰%Mˆ4(€€€ô°4(€€€€‰¹½‘•}µ½‘Õ±•Ì½Á¥½µ…Ñ ˆèì4(€€€€€€‰Ù•ÉÍ¥½¸ˆè€ˆÐ¸À¸Ôˆ°4(€€€€€€‰É•Í½±Ù•ˆè€‰¡ÑÑÁÌè¼½É•¥ÍÑÉä¹¹Áµ©Ì¹½Éœ½Á¥½µ…Ñ ¼´½Á¥½µ…Ñ ´Ð¸À¸Ô¹Ñèˆ°4(€€€€€€‰¥¹Ñ•É¥Ñäˆè€‰Í¡„ÔÄÈµIÙÝÝÉÕ9©$Å¹PÕáI…­•åLå1˜á±%ÑØÌÑ-­…¥˜­Y å­‘Õå™e	¥Á ÄÈÈÜÑáÑ•¹%AhÄÄä½Hå	‘Q	„áÝM Áôôˆ°4(€€€€€€‰‘•ØˆèÑÉÕ”°4(€€€€€€‰±¥•¹Í”ˆè€‰5%Pˆ°4(€€€€€€‰•¹¥¹•Ìˆèì4(€€€€€€€€‰¹½‘”ˆè€ˆøôÄÈˆ4(€€€€€ô°4(€€€€€€‰™Õ¹‘¥¹œˆèì4(€€€€€€€€‰ÕÉ°ˆè€‰¡ÑÑÁÌè¼½¥Ñ¡Õˆ¹½´½ÍÁ½¹Í½ÉÌ½©½¹Í¡±¥¹­•ÉÐˆ4(€€€€€ô4(€€€ô°4(€€€€‰¹½‘•}µ½‘Õ±•Ì½Á½ÍÑÍÌˆèì4(€€€€€€‰Ù•ÉÍ¥½¸ˆè€ˆà¸Ô¸ÈÔˆ°4(€€€€€€‰É•Í½±Ù•ˆè€‰¡ÑÑÁÌè¼½É•¥ÍÑÉä¹¹Áµ©Ì¹½Éœ½Á½ÍÑÍÌ¼´½Á½ÍÑÍÌ´à¸Ô¸ÈÔ¹Ñèˆ°4(€€€€€€‰¥¹Ñ•É¥Ñäˆè€‰Í¡„ÔÄÈµQAàÍI]MM¹]åé1áE¹± ÁÉ)@­\Õ•­°ÄÙiTÐ½ÁÍ‰%¡Á”ÔÍ­)™‘…8ÕÙ-4­á@Ýå)ÑaYÔ­¹™‘Yµ±-”ÑAåÜôôˆ°4(€€€€€€‰‘•ØˆèÑÉÕ”°4(€€€€€€‰™Õ¹‘¥¹œˆèl4(€€€€€€€ì4(€€€€€€€€€€‰ÑåÁ”ˆè€‰½Á•¹½±±•Ñ¥Ù”ˆ°4(€€€€€€€€€€‰ÕÉ°ˆè€‰¡ÑÑÁÌè¼½½Á•¹½±±•Ñ¥Ù”¹½´½Á½ÍÑÍÌ¼ˆ4(€€€€€€€ô°4(€€€€€€€ì4(€€€€€€€€€€‰ÑåÁ”ˆè€‰Ñ¥‘•±¥™Ðˆ°4(€€€€€€€€€€‰ÕÉ°ˆè€‰¡ÑÑÁÌè¼½Ñ¥‘•±¥™Ð¹½´½™Õ¹‘¥¹œ½¥Ñ¡Õˆ½¹Á´½Á½ÍÑÍÌˆ4(€€€€€€€ô°4(€€€€€€€ì4(€€€€€€€€€€‰ÑåÁ”ˆè€‰¥Ñ¡Õˆˆ°4(€€€€€€€€€€‰ÕÉ°ˆè€‰¡ÑÑÁÌè¼½¥Ñ¡Õˆ¹½´½ÍÁ½¹Í½ÉÌ½…¤ˆ4(€€€€€€€ô4(€€€€€t°4(€€€€€€‰±¥•¹Í”ˆè€‰5%Pˆ°4(€€€€€€‰‘•Á•¹‘•¹¥•Ìˆèì4(€€€€€€€€‰¹…¹½¥ˆè€‰xÌ¸Ì¸ÄØˆ°4(€€€€€€€€‰Á¥½½±½ÉÌˆè€‰xÄ¸Ä¸Äˆ°4(€€€€€€€€‰Í½ÕÉ”µµ…Àµ©Ìˆè€‰xÄ¸È¸Äˆ4(€€€€€ô°4(€€€€€€‰•¹¥¹•Ìˆèì4(€€€€€€€€‰¹½‘”ˆè€‰xÄÀñðxÄÈñð€øôÄÐˆ4(€€€€€ô4(€€€ô°4(€€€€‰¹½‘•}µ½‘Õ±•Ì½É½±±‘½Ý¸ˆèì4(€€€€€€‰Ù•ÉÍ¥½¸ˆè€ˆÄ¸È¸Äˆ°4(€€€€€€‰É•Í½±Ù•ˆè€‰¡ÑÑÁÌè¼½É•¥ÍÑÉä¹¹Áµ©Ì¹½Éœ½É½±±‘½Ý¸¼´½É½±±‘½Ý¸´Ä¸È¸Ä¹Ñèˆ°4(€€€€€€‰¥¹Ñ•É¥Ñäˆè€‰Í¡„ÔÄÈ´Ñ-)¡œáÍ=¥åE=ÙDÅDÁ¡½Á\ä½=½`­YÍ!éÁÍ‘Í%i½=ÉÉ,äÁ°Ôåe,½h­¹•°ÐÕ‰)i,ÀÍ½é ¼å‰ÅÜôôˆ°4(€€€€€€‰‘•ØˆèÑÉÕ”°4(€€€€€€‰±¥•¹Í”ˆè€‰5%Pˆ°4(€€€€€€‰‘•Á•¹‘•¹¥•Ìˆèì4(€€€€€€€€‰½áŒµÁÉ½©•Ð½ÑåÁ•Ìˆè€ˆôÀ¸ÄÐÈ¸Àˆ°4(€€€€€€€€‰É½±±‘½Ý¸½Á±Õ¥¹ÕÑ¥±Ìˆè€‰xÄ¸À¸Àˆ4(€€€€€ô°4(€€€€€€‰‰¥¸ˆèì4(€€€€€€€€‰É½±±‘½Ý¸ˆè€‰‰¥¸½±¤¹µ©Ìˆ4(€€€€€ô°4(€€€€€€‰•¹¥¹•Ìˆèì4(€€€€€€€€‰¹½‘”ˆè€‰xÈÀ¸Ää¸Àñð€øôÈÈ¸ÄÈ¸Àˆ4(€€€€€ô°4(€€€€€€‰½ÁÑ¥½¹…±•Á•¹‘•¹¥•Ìˆèì4(€€€€€€€€‰É½±±‘½Ý¸½‰¥¹‘¥¹œµ…¹‘É½¥µ…É´ØÐˆè€ˆÄ¸È¸Äˆ°4(€€€€€€€€‰É½±±‘½Ý¸½‰¥¹‘¥¹œµ‘…ÉÝ¥¸µ…É´ØÐˆè€ˆÄ¸È¸Äˆ°4(€€€€€€€€‰É½±±‘½Ý¸½‰¥¹‘¥¹œµ‘…ÉÝ¥¸µàØÐˆè€ˆÄ¸È¸Äˆ°4(€€€€€€€€‰É½±±‘½Ý¸½‰¥¹‘¥¹œµ™É••‰ÍµàØÐˆè€ˆÄ¸È¸Äˆ°4(€€€€€€€€‰É½±±‘½Ý¸½‰¥¹‘¥¹œµ±¥¹Õàµ…É´µ¹Õ•…‰¥¡˜ˆè€ˆÄ¸È¸Äˆ°4(€€€€€€€€‰É½±±‘½Ý¸½‰¥¹‘¥¹œµ±¥¹Õàµ…É´ØÐµ¹Ôˆè€ˆÄ¸È¸Äˆ°4(€€€€€€€€‰É½±±‘½Ý¸½‰¥¹‘¥¹œµ±¥¹Õàµ…É´ØÐµµÕÍ°ˆè€ˆÄ¸È¸Äˆ°4(€€€€€€€€‰É½±±‘½Ý¸½‰¥¹‘¥¹œµ±¥¹ÕàµÁÁŒØÐµ¹Ôˆè€ˆÄ¸È¸Äˆ°4(€€€€€€€€‰É½±±‘½Ý¸½‰¥¹‘¥¹œµ±¥¹ÕàµÌÌäÁàµ¹Ôˆè€ˆÄ¸È¸Äˆ°4(€€€€€€€€‰É½±±‘½Ý¸½‰¥¹‘¥¹œµ±¥¹ÕàµàØÐµ¹Ôˆè€ˆÄ¸È¸Äˆ°4(€€€€€€€€‰É½±±‘½Ý¸½‰¥¹‘¥¹œµ±¥¹ÕàµàØÐµµÕÍ°ˆè€ˆÄ¸È¸Äˆ°4(€€€€€€€€‰É½±±‘½Ý¸½‰¥¹‘¥¹œµ½Á•¹¡…Éµ½¹äµ…É´ØÐˆè€ˆÄ¸È¸Äˆ°4(€€€€€€€€‰É½±±‘½Ý¸½‰¥¹‘¥¹œµÝ…Í´ÌÈµÝ…Í¤ˆè€ˆÄ¸È¸Äˆ°4(€€€€€€€€‰É½±±‘½Ý¸½‰¥¹‘¥¹œµÝ¥¸ÌÈµ…É´ØÐµµÍÙŒˆè€ˆÄ¸È¸Äˆ°4(€€€€€€€€‰É½±±‘½Ý¸½‰¥¹‘¥¹œµÝ¥¸ÌÈµàØÐµµÍÙŒˆè€ˆÄ¸È¸Äˆ4(€€€€€ô4(€€€ô°4(€€€€‰¹½‘•}µ½‘Õ±•Ì½Í½ÕÉ”µµ…Àµ©Ìˆèì4(€€€€€€‰Ù•ÉÍ¥½¸ˆè€ˆÄ¸È¸Äˆ°4(€€€€€€‰É•Í½±Ù•ˆè€‰¡ÑÑÁÌè¼½É•¥ÍÑÉä¹¹Áµ©Ì¹½Éœ½Í½ÕÉ”µµ…Àµ©Ì¼´½Í½ÕÉ”µµ…Àµ©Ì´Ä¸È¸Ä¹Ñèˆ°4(€€€€€€‰¥¹Ñ•É¥Ñäˆè€‰Í¡„ÔÄÈµUa]5-¡1=ÝY-ˆÜÈá%UÑEAaá™eT­ÕÍ‘å‰ÑUÉ,¼áÕáE5ÙÉ¡=ÁÝÙé	Ý¨ÁE¡M0Ý5EŒÝÙ%Í%M	áYDà­%EáÁ™Eôôˆ°4(€€€€€€‰‘•ØˆèÑÉÕ”°4(€€€€€€‰±¥•¹Í”ˆè€‰	M´Ìµ±…ÕÍ”ˆ°4(€€€€€€‰•¹¥¹•Ìˆèì4(€€€€€€€€‰¹½‘”ˆè€ˆøôÀ¸ÄÀ¸Àˆ4(€€€€€ô4(€€€ô°4(€€€€‰¹½‘•}µ½‘Õ±•Ì½Ñ¥¹å±½‰‰äˆèì4(€€€€€€‰Ù•ÉÍ¥½¸ˆè€ˆÀ¸È¸ÄÜˆ°4(€€€€€€‰É•Í½±Ù•ˆè€‰¡ÑÑÁÌè¼½É•¥ÍÑÉä¹¹Áµ©Ì¹½Éœ½Ñ¥¹å±½‰‰ä¼´½Ñ¥¹å±½‰‰ä´À¸È¸ÄÜ¹Ñèˆ°4(€€€€€€‰¥¹Ñ•É¥Ñäˆè€‰Í¡„ÔÄÈµÝaH½‘eÁÅ-µ™]Á‘i©¥-)=Ý9¹‘Á5¹É\½e©YÑÑ­	™Y1!½9É±¨ÐÝµ©=Y¥Œååå9ÔØÕ…±ÍÑ9EåQ„Éœôôˆ°4(€€€€€€‰‘•ØˆèÑÉÕ”°4(€€€€€€‰±¥•¹Í”ˆè€‰5%Pˆ°4(€€€€€€‰‘•Á•¹‘•¹¥•Ìˆèì4(€€€€€€€€‰™‘¥Èˆè€‰xØ¸Ô¸Àˆ°4(€€€€€€€€‰Á¥½µ…Ñ ˆè€‰xÐ¸À¸Ðˆ4(€€€€€ô°4(€€€€€€‰•¹¥¹•Ìˆèì4(€€€€€€€€‰¹½‘”ˆè€ˆøôÄÈ¸À¸Àˆ4(€€€€€ô°4(€€€€€€‰™Õ¹‘¥¹œˆèì4(€€€€€€€€‰ÕÉ°ˆè€‰¡ÑÑÁÌè¼½¥Ñ¡Õˆ¹½´½ÍÁ½¹Í½ÉÌ½MÕÁ•É¡ÕÁÕ•Øˆ4(€€€€€ô4(€€€ô°4(€€€€‰¹½‘•}µ½‘Õ±•Ì½ÑÍ±¥ˆˆèì4(€€€€€€‰Ù•ÉÍ¥½¸ˆè€ˆÈ¸à¸Äˆ°4(€€€€€€‰É•Í½±Ù•ˆè€‰¡ÑÑÁÌè¼½É•¥ÍÑÉä¹¹Áµ©Ì¹½Éœ½ÑÍ±¥ˆ¼´½ÑÍ±¥ˆ´È¸à¸Ä¹Ñèˆ°4(€€€€€€‰¥¹Ñ•É¥Ñäˆè€‰Í¡„ÔÄÈµ½)ÔäÑ!Eˆ­-Y‘ÕMUE0ÝÝ¹ÁµÅ¹™µ1Í=½¹ ÙˆÙ ÁÝ½,À½µA•aTÙŒÍÝ-XàÍ5­=Õ!AI!ÑMa--Täå%	…éL¼ÉÜôôˆ°4(€€€€€€‰‘•ØˆèÑÉÕ”°4(€€€€€€‰±¥•¹Í”ˆè€ˆÁ	Mˆ°4(€€€€€€‰½ÁÑ¥½¹…°ˆèÑÉÕ”4(€€€ô°4(€€€€‰¹½‘•}µ½‘Õ±•Ì½ÑåÁ•ÍÉ¥ÁÐˆèì4(€€€€€€‰Ù•ÉÍ¥½¸ˆè€ˆÜ¸À¸Èˆ°4(€€€€€€‰É•Í½±Ù•ˆè€‰¡ÑÑÁÌè¼½É•¥ÍÑÉä¹¹Áµ©Ì¹½Éœ½ÑåÁ•ÍÉ¥ÁÐ¼´½ÑåÁ•ÍÉ¥ÁÐ´Ü¸À¸È¹Ñèˆ°4(€€€€€€‰¥¹Ñ•É¥Ñäˆè€‰Í¡„ÔÄÈ´áe…ÔäÙ¼Í9-=¡‰©-¤½Å9Ù½\Õ©¡éá­‰‘´ÕÍ¨å‰h¼ÕPÕÍ]Å¸Í¡)1™àÈÝÍI-i]QÙåé@á‘1I	Q˜ÕÑ	QMIYU9ôôˆ°4(€€€€€€‰‘•ØˆèÑÉÕ”°4(€€€€€€‰±¥•¹Í”ˆè€‰Á…¡”´È¸Àˆ°4(€€€€€€‰‰¥¸ˆèì4(€€€€€€€€‰ÑÍŒˆè€‰‰¥¸½ÑÍŒˆ4(€€€€€ô°4(€€€€€€‰•¹¥¹•Ìˆèì4(€€€€€€€€‰¹½‘”ˆè€ˆøôÄØ¸ÈÀ¸Àˆ4(€€€€€ô°4(€€€€€€‰½ÁÑ¥½¹…±•Á•¹‘•¹¥•Ìˆèì4(€€€€€€€€‰ÑåÁ•ÍÉ¥ÁÐ½ÑåÁ•ÍÉ¥ÁÐµ…¥àµÁÁŒØÐˆè€ˆÜ¸À¸Èˆ°4(€€€€€€€€‰ÑåÁ•ÍÉ¥ÁÐ½ÑåÁ•ÍÉ¥ÁÐµ‘…ÉÝ¥¸µ…É´ØÐˆè€ˆÜ¸À¸Èˆ°4(€€€€€€€€‰ÑåÁ•ÍÉ¥ÁÐ½ÑåÁ•ÍÉ¥ÁÐµ‘…ÉÝ¥¸µàØÐˆè€ˆÜ¸À¸Èˆ°4(€€€€€€€€‰ÑåÁ•ÍÉ¥ÁÐ½ÑåÁ•ÍÉ¥ÁÐµ™É••‰Íµ…É´ØÐˆè€ˆÜ¸À¸Èˆ°4(€€€€€€€€‰ÑåÁ•ÍÉ¥ÁÐ½ÑåÁ•ÍÉ¥ÁÐµ™É••‰ÍµàØÐˆè€ˆÜ¸À¸Èˆ°4(€€€€€€€€‰ÑåÁ•ÍÉ¥ÁÐ½ÑåÁ•ÍÉ¥ÁÐµ±¥¹Õàµ…É´ˆè€ˆÜ¸À¸Èˆ°4(€€€€€€€€‰ÑåÁ•ÍÉ¥ÁÐ½ÑåÁ•ÍÉ¥ÁÐµ±¥¹Õàµ…É´ØÐˆè€ˆÜ¸À¸Èˆ°4(€€€€€€€€‰ÑåÁ•ÍÉ¥ÁÐ½ÑåÁ•ÍÉ¥ÁÐµ±¥¹Õàµ±½½¹œØÐˆè€ˆÜ¸À¸Èˆ°4(€€€€€€€€‰ÑåÁ•ÍÉ¥ÁÐ½ÑåÁ•ÍÉ¥ÁÐµ±¥¹Õàµµ¥ÁÌØÑ•°ˆè€ˆÜ¸À¸Èˆ°4(€€€€€€€€‰ÑåÁ•ÍÉ¥ÁÐ½ÑåÁ•ÍÉ¥ÁÐµ±¥¹ÕàµÁÁŒØÐˆè€ˆÜ¸À¸Èˆ°4(€€€€€€€€‰ÑåÁ•ÍÉ¥ÁÐ½ÑåÁ•ÍÉ¥ÁÐµ±¥¹ÕàµÉ¥ÍØØÐˆè€ˆÜ¸À¸Èˆ°4(€€€€€€€€‰ÑåÁ•ÍÉ¥ÁÐ½ÑåÁ•ÍÉ¥ÁÐµ±¥¹ÕàµÌÌäÁàˆè€ˆÜ¸À¸Èˆ°4(€€€€€€€€‰ÑåÁ•ÍÉ¥ÁÐ½ÑåÁ•ÍÉ¥ÁÐµ±¥¹ÕàµàØÐˆè€ˆÜ¸À¸Èˆ°4(€€€€€€€€‰ÑåÁ•ÍÉ¥ÁÐ½ÑåÁ•ÍÉ¥ÁÐµ¹•Ñ‰Íµ…É´ØÐˆè€ˆÜ¸À¸Èˆ°4(€€€€€€€€‰ÑåÁ•ÍÉ¥ÁÐ½ÑåÁ•ÍÉ¥ÁÐµ¹•Ñ‰ÍµàØÐˆè€ˆÜ¸À¸Èˆ°4(€€€€€€€€‰ÑåÁ•ÍÉ¥ÁÐ½ÑåÁ•ÍÉ¥ÁÐµ½Á•¹‰Íµ…É´ØÐˆè€ˆÜ¸À¸Èˆ°4(€€€€€€€€‰ÑåÁ•ÍÉ¥ÁÐ½ÑåÁ•ÍÉ¥ÁÐµ½Á•¹‰ÍµàØÐˆè€ˆÜ¸À¸Èˆ°4(€€€€€€€€‰ÑåÁ•ÍÉ¥ÁÐ½ÑåÁ•ÍÉ¥ÁÐµÍÕ¹½ÌµàØÐˆè€ˆÜ¸À¸Èˆ°4(€€€€€€€€‰ÑåÁ•ÍÉ¥ÁÐ½ÑåÁ•ÍÉ¥ÁÐµÝ¥¸ÌÈµ…É´ØÐˆè€ˆÜ¸À¸Èˆ°4(€€€€€€€€‰ÑåÁ•ÍÉ¥ÁÐ½ÑåÁ•ÍÉ¥ÁÐµÝ¥¸ÌÈµàØÐˆè€ˆÜ¸À¸Èˆ4(€€€€€ô4(€€€ô°4(€€€€‰¹½‘•}µ½‘Õ±•Ì½Õ¹‘¥¤µÑåÁ•Ìˆèì4(€€€€€€‰Ù•ÉÍ¥½¸ˆè€ˆà¸Ì¸Àˆ°4(€€€€€€‰É•Í½±Ù•ˆè€‰¡ÑÑÁÌè¼½É•¥ÍÑÉä¹¹Áµ©Ì¹½Éœ½Õ¹‘¥¤µÑåÁ•Ì¼´½Õ¹‘¥¤µÑåÁ•Ì´à¸Ì¸À¹Ñèˆ°4(€€€€€€‰¥¹Ñ•É¥Ñäˆè€‰Í¡„ÔÄÈµ¨ÌÜÕMXØÁ‘½´­e­A%™Q1=¥Aá­8½‰Õ!èÕ½‰©1¡¥áÕ9…9ÌÍå°ÑµÉ]Å•©a](Ý	‰)eÁQU­LÅ”á‰ÁiDôôˆ°4(€€€€€€‰‘•ØˆèÑÉÕ”°4(€€€€€€‰±¥•¹Í”ˆè€‰5%Pˆ4(€€€ô°4(€€€€‰¹½‘•}µ½‘Õ±•Ì½Ù¥Ñ”ˆèì4(€€€€€€‰Ù•ÉÍ¥½¸ˆè€ˆà¸È¸Àˆ°4(€€€€€€‰É•Í½±Ù•ˆè€‰¡ÑÑÁÌè¼½É•¥ÍÑÉä¹¹Áµ©Ì¹½Éœ½Ù¥Ñ”¼´½Ù¥Ñ”´à¸È¸À¹Ñèˆ°4(€€€€€€‰¥¹Ñ•É¥Ñäˆè€‰Í¡„ÔÄÈµÁ¸­Á4Á±Ý•-Ýµ=ÄÅi…	,¼åÍ©½ÉiÅá­¤Ù5‰d½©AYåÙ¥¡%±µ±Ñ!µDÕÝ‘@ÕÅEI…	á5ÝÕŒÙ±Dôôˆ°4(€€€€€€‰‘•ØˆèÑÉÕ”°4(€€€€€€‰±¥•¹Í”ˆè€‰5%Pˆ°4(€€€€€€‰‘•Á•¹‘•¹¥•Ìˆèì4(€€€€€€€€‰±¥¡Ñ¹¥¹ÍÌˆè€‰xÄ¸ÌÌ¸Àˆ°4(€€€€€€€€‰Á¥½µ…Ñ ˆè€‰xÐ¸À¸Ôˆ°4(€€€€€€€€‰Á½ÍÑÍÌˆè€‰xà¸Ô¸ÈÌˆ°4(€€€€€€€€‰É½±±‘½Ý¸ˆè€‰øÄ¸È¸Àˆ°4(€€€€€€€€‰Ñ¥¹å±½‰‰äˆè€‰xÀ¸È¸ÄÜˆ4(€€€€€ô°4(€€€€€€‰‰¥¸ˆèì4(€€€€€€€€‰Ù¥Ñ”ˆè€‰‰¥¸½Ù¥Ñ”¹©Ìˆ4(€€€€€ô°4(€€€€€€‰•¹¥¹•Ìˆèì4(€€€€€€€€‰¹½‘”ˆè€‰xÈÀ¸Ää¸Àñð€øôÈÈ¸ÄÈ¸Àˆ4(€€€€€ô°4(€€€€€€‰™Õ¹‘¥¹œˆèì4(€€€€€€€€‰ÕÉ°ˆè€‰¡ÑÑÁÌè¼½¥Ñ¡Õˆ¹½´½Ù¥Ñ•©Ì½Ù¥Ñ”ýÍÁ½¹Í½ÈôÄˆ4(€€€€€ô°4(€€€€€€‰½ÁÑ¥½¹…±•Á•¹‘•¹¥•Ìˆèì4(€€€€€€€€‰™Í•Ù•¹ÑÌˆè€‰øÈ¸Ì¸Ìˆ4(€€€€€ô°4(€€€€€€‰Á••É•Á•¹‘•¹¥•Ìˆèì4(€€€€€€€€‰ÑåÁ•Ì½¹½‘”ˆè€‰xÈÀ¸Ää¸Àñð€øôÈÈ¸ÄÈ¸Àˆ°4(€€€€€€€€‰Ù¥Ñ•©Ì½‘•ÙÑ½½±Ìˆè€‰xÀ¸Ð¸Àˆ°4(€€€€€€€€‰•Í‰Õ¥±ˆè€‰xÀ¸ÈÜ¸ÀñðxÀ¸Èà¸Àˆ°4(€€€€€€€€‰©¥Ñ¤ˆè€ˆøôÄ¸ÈÄ¸Àˆ°4(€€€€€€€€‰±•ÍÌˆè€‰xÐ¸À¸Àˆ°4(€€€€€€€€‰Í…ÍÌˆè€‰xÄ¸ÜÀ¸Àˆ°4(€€€€€€€€‰Í…ÍÌµ•µ‰•‘‘•ˆè€‰xÄ¸ÜÀ¸Àˆ°4(€€€€€€€€‰ÍÑå±ÕÌˆè€ˆøôÀ¸ÔÐ¸àˆ°4(€€€€€€€€‰ÍÕ…ÉÍÌˆè€‰xÔ¸À¸Àˆ°4(€€€€€€€€‰Ñ•ÉÍ•Èˆè€‰xÔ¸ÄØ¸Àˆ°4(€€€€€€€€‰ÑÍàˆè€‰xÐ¸à¸Äˆ°4(€€€€€€€€‰å…µ°ˆè€‰xÈ¸Ð¸Èˆ4(€€€€€ô°4(€€€€€€‰Á••É•Á•¹‘•¹¥•Í5•Ñ„ˆèì4(€€€€€€€€‰ÑåÁ•Ì½¹½‘”ˆèì4(€€€€€€€€€€‰½ÁÑ¥½¹…°ˆèÑÉÕ”4(€€€€€€€ô°4(€€€€€€€€‰Ù¥Ñ•©Ì½‘•ÙÑ½½±Ìˆèì4(€€€€€€€€€€‰½ÁÑ¥½¹…°ˆèÑÉÕ”4(€€€€€€€ô°4(€€€€€€€€‰•Í‰Õ¥±ˆèì4(€€€€€€€€€€‰½ÁÑ¥½¹…°ˆèÑÉÕ”4(€€€€€€€ô°4(€€€€€€€€‰©¥Ñ¤ˆèì4(€€€€€€€€€€‰½ÁÑ¥½¹…°ˆèÑÉÕ”4(€€€€€€€ô°4(€€€€€€€€‰±•ÍÌˆèì4(€€€€€€€€€€‰½ÁÑ¥½¹…°ˆèÑÉÕ”4(€€€€€€€ô°4(€€€€€€€€‰Í…ÍÌˆèì4(€€€€€€€€€€‰½ÁÑ¥½¹…°ˆèÑÉÕ”4(€€€€€€€ô°4(€€€€€€€€‰Í…ÍÌµ•µ‰•‘‘•ˆèì4(€€€€€€€€€€‰½ÁÑ¥½¹…°ˆèÑÉÕ”4(€€€€€€€ô°4(€€€€€€€€‰ÍÑå±ÕÌˆèì4(€€€€€€€€€€‰½ÁÑ¥½¹…°ˆèÑÉÕ”4(€€€€€€€ô°4(€€€€€€€€‰ÍÕ…ÉÍÌˆèì4(€€€€€€€€€€‰½ÁÑ¥½¹…°ˆèÑÉÕ”4(€€€€€€€ô°4(€€€€€€€€‰Ñ•ÉÍ•Èˆèì4(€€€€€€€€€€‰½ÁÑ¥½¹…°ˆèÑÉÕ”4(€€€€€€€ô°4(€€€€€€€€‰ÑÍàˆèì4(€€€€€€€€€€‰½ÁÑ¥½¹…°ˆèÑÉÕ”4(€€€€€€€ô°4(€€€€€€€€‰å…µ°ˆèì4(€€€€€€€€€€‰½ÁÑ¥½¹…°ˆèÑÉÕ”4(€€€€€€€ô4(€€€€€ô4(€€€ô4(€ô4)ô4